
Microsoft Visual Studio Solution File, Format Version 12.00
# Visual Studio Version 16
VisualStudioVersion = 16.0.30907.101
MinimumVisualStudioVersion = 10.0.40219.1
Project("{FAE04EC0-301F-11D3-BF4B-00C04F79EFBC}") = "ZeleznicaAplikacija", "ZeleznicaAplikacija\ZeleznicaAplikacija.csproj", "{71AD26F0-44C3-426B-8DCE-3E32F0175BBB}"
EndProject
Global
	GlobalSection(SolutionConfigurationPlatforms) = preSolution
		Debug|Any CPU = Debug|Any CPU
		Release|Any CPU = Release|Any CPU
	EndGlobalSection
	GlobalSection(ProjectConfigurationPlatforms) = postSolution
		{71AD26F0-44C3-426B-8DCE-3E32F0175BBB}.Debug|Any CPU.ActiveCfg = Debug|Any CPU
		{71AD26F0-44C3-426B-8DCE-3E32F0175BBB}.Debug|Any CPU.Build.0 = Debug|Any CPU
		{71AD26F0-44C3-426B-8DCE-3E32F0175BBB}.Release|Any CPU.ActiveCfg = Release|Any CPU
		{71AD26F0-44C3-426B-8DCE-3E32F0175BBB}.Release|Any CPU.Build.0 = Release|Any CPU
	EndGlobalSection
	GlobalSection(SolutionProperties) = preSolution
		HideSolutionNode = FALSE
	EndGlobalSection
	GlobalSection(ExtensibilityGlobals) = postSolution
		SolutionGuid = {86184262-2D50-4B28-9C19-68D969670F95}
	EndGlobalSection
EndGlobal
